// !$*UTF8*$!
{
	archiveVersion = 1;
	classes = {
	};
	objectVersion = 55;
	objects = {

/* Begin PBXBuildFile section */
		8B28143A2873787F0049A247 /* WeatherDayCard.swift in Sources */ = {isa = PBXBuildFile; fileRef = 8B2814392873787F0049A247 /* WeatherDayCard.swift */; };
		8B28143C2873788B0049A247 /* WeatherDayItem.swift in Sources */ = {isa = PBXBuildFile; fileRef = 8B28143B2873788B0049A247 /* WeatherDayItem.swift */; };
		8B28143E287379520049A247 /* Temperature.swift in Sources */ = {isa = PBXBuildFile; fileRef = 8B28143D287379520049A247 /* Temperature.swift */; };
		8B281440287379D80049A247 /* WindSpeed.swift in Sources */ = {isa = PBXBuildFile; fileRef = 8B28143F287379D80049A247 /* WindSpeed.swift */; };
		8B28144228737B060049A247 /* WeatherConditions.swift in Sources */ = {isa = PBXBuildFile; fileRef = 8B28144128737B060049A247 /* WeatherConditions.swift */; };
		8B281444287382050049A247 /* Colors.xcassets in Resources */ = {isa = PBXBuildFile; fileRef = 8B281443287382050049A247 /* Colors.xcassets */; };
		8B281446287382B90049A247 /* Colors.swift in Sources */ = {isa = PBXBuildFile; fileRef = 8B281445287382B90049A247 /* Colors.swift */; };
		8B28144A287385D40049A247 /* CityWeatherView.swift in Sources */ = {isa = PBXBuildFile; fileRef = 8B281449287385D40049A247 /* CityWeatherView.swift */; };
		8B28144D287386110049A247 /* CityWeather.swift in Sources */ = {isa = PBXBuildFile; fileRef = 8B28144C287386110049A247 /* CityWeather.swift */; };
		8B72A8662872343E00F1435D /* WeatherUIApp.swift in Sources */ = {isa = PBXBuildFile; fileRef = 8B72A8652872343E00F1435D /* WeatherUIApp.swift */; };
		8B72A8682872343E00F1435D /* ContentView.swift in Sources */ = {isa = PBXBuildFile; fileRef = 8B72A8672872343E00F1435D /* ContentView.swift */; };
		8B72A86A2872344200F1435D /* Assets.xcassets in Resources */ = {isa = PBXBuildFile; fileRef = 8B72A8692872344200F1435D /* Assets.xcassets */; };
		8B72A86D2872344200F1435D /* Preview Assets.xcassets in Resources */ = {isa = PBXBuildFile; fileRef = 8B72A86C2872344200F1435D /* Preview Assets.xcassets */; };
/* End PBXBuildFile section */

/* Begin PBXFileReference section */
		8B2814392873787F0049A247 /* WeatherDayCard.swift */ = {isa = PBXFileReference; lastKnownFileType = sourcecode.swift; path = WeatherDayCard.swift; sourceTree = "<group>"; };
		8B28143B2873788B0049A247 /* WeatherDayItem.swift */ = {isa = PBXFileReference; lastKnownFileType = sourcecode.swift; path = WeatherDayItem.swift; sourceTree = "<group>"; };
		8B28143D287379520049A247 /* Temperature.swift */ = {isa = PBXFileReference; lastKnownFileType = sourcecode.swift; path = Temperature.swift; sourceTree = "<group>"; };
		8B28143F287379D80049A247 /* WindSpeed.swift */ = {isa = PBXFileReference; lastKnownFileType = sourcecode.swift; path = WindSpeed.swift; sourceTree = "<group>"; };
		8B28144128737B060049A247 /* WeatherConditions.swift */ = {isa = PBXFileReference; lastKnownFileType = sourcecode.swift; path = WeatherConditions.swift; sourceTree = "<group>"; };
		8B281443287382050049A247 /* Colors.xcassets */ = {isa = PBXFileReference; lastKnownFileType = folder.assetcatalog; path = Colors.xcassets; sourceTree = "<group>"; };
		8B281445287382B90049A247 /* Colors.swift */ = {isa = PBXFileReference; lastKnownFileType = sourcecode.swift; path = Colors.swift; sourceTree = "<group>"; };
		8B281449287385D40049A247 /* CityWeatherView.swift */ = {isa = PBXFileReference; lastKnownFileType = sourcecode.swift; path = CityWeatherView.swift; sourceTree = "<group>"; };
		8B28144C287386110049A247 /* CityWeather.swift */ = {isa = PBXFileReference; lastKnownFileType = sourcecode.swift; path = CityWeather.swift; sourceTree = "<group>"; };
		8B72A8622872343E00F1435D /* WeatherUI.app */ = {isa = PBXFileReference; explicitFileType = wrapper.application; includeInIndex = 0; path = WeatherUI.app; sourceTree = BUILT_PRODUCTS_DIR; };
		8B72A8652872343E00F1435D /* WeatherUIApp.swift */ = {isa = PBXFileReference; lastKnownFileType = sourcecode.swift; path = WeatherUIApp.swift; sourceTree = "<group>"; };
		8B72A8672872343E00F1435D /* ContentView.swift */ = {isa = PBXFileReference; lastKnownFileType = sourcecode.swift; path = ContentView.swift; sourceTree = "<group>"; };
		8B72A8692872344200F1435D /* Assets.xcassets */ = {isa = PBXFileReference; lastKnownFileType = folder.assetcatalog; path = Assets.xcassets; sourceTree = "<group>"; };
		8B72A86C2872344200F1435D /* Preview Assets.xcassets */ = {isa = PBXFileReference; lastKnownFileType = folder.assetcatalog; path = "Preview Assets.xcassets"; sourceTree = "<group>"; };
/* End PBXFileReference section */

/* Begin PBXFrameworksBuildPhase section */
		8B72A85F2872343E00F1435D /* Frameworks */ = {
			isa = PBXFrameworksBuildPhase;
			buildActionMask = 2147483647;
			files = (
			);
			runOnlyForDeploymentPostprocessing = 0;
		};
/* End PBXFrameworksBuildPhase section */

/* Begin PBXGroup section */
		8B281447287385510049A247 /* WeatherDayCard */ = {
			isa = PBXGroup;
			children = (
				8B2814392873787F0049A247 /* WeatherDayCard.swift */,
				8B28143B2873788B0049A247 /* WeatherDayItem.swift */,
			);
			path = WeatherDayCard;
			sourceTree = "<group>";
		};
		8B281448287385940049A247 /* Params */ = {
			isa = PBXGroup;
			children = (
				8B28143D287379520049A247 /* Temperature.swift */,
				8B28143F287379D80049A247 /* WindSpeed.swift */,
				8B28144128737B060049A247 /* WeatherConditions.swift */,
			);
			path = Params;
			sourceTree = "<group>";
		};
		8B28144B287385E50049A247 /* Views */ = {
			isa = PBXGroup;
			children = (
				8B72A8672872343E00F1435D /* ContentView.swift */,
				8B28F41728761A2200006CC6 /* CityWeatherView */,
				8B281447287385510049A247 /* WeatherDayCard */,
			);
			path = Views;
			sourceTree = "<group>";
		};
		8B28F41728761A2200006CC6 /* CityWeatherView */ = {
			isa = PBXGroup;
			children = (
				8B281449287385D40049A247 /* CityWeatherView.swift */,
				8B28144C287386110049A247 /* CityWeather.swift */,
			);
			path = CityWeatherView;
			sourceTree = "<group>";
		};
		8B72A8592872343E00F1435D = {
			isa = PBXGroup;
			children = (
				8B72A8642872343E00F1435D /* WeatherUI */,
				8B72A8632872343E00F1435D /* Products */,
			);
			sourceTree = "<group>";
		};
		8B72A8632872343E00F1435D /* Products */ = {
			isa = PBXGroup;
			children = (
				8B72A8622872343E00F1435D /* WeatherUI.app */,
			);
			name = Products;
			sourceTree = "<group>";
		};
		8B72A8642872343E00F1435D /* WeatherUI */ = {
			isa = PBXGroup;
			children = (
				8B72A8652872343E00F1435D /* WeatherUIApp.swift */,
				8B28144B287385E50049A247 /* Views */,
				8B281448287385940049A247 /* Params */,
				8B72A8692872344200F1435D /* Assets.xcassets */,
				8B281443287382050049A247 /* Colors.xcassets */,
				8B281445287382B90049A247 /* Colors.swift */,
				8B72A86B2872344200F1435D /* Preview Content */,
			);
			path = WeatherUI;
			sourceTree = "<group>";
		};
		8B72A86B2872344200F1435D /* Preview Content */ = {
			isa = PBXGroup;
			children = (
				8B72A86C2872344200F1435D /* Preview Assets.xcassets */,
			);
			path = "Preview Content";
			sourceTree = "<group>";
		};
/* End PBXGroup section */

/* Begin PBXNativeTarget section */
		8B72A8612872343E00F1435D /* WeatherUI */ = {
			isa = PBXNativeTarget;
			buildConfigurationList = 8B72A8702872344200F1435D /* Build configuration list for PBXNativeTarget "WeatherUI" */;
			buildPhases = (
				8B72A85E2872343E00F1435D /* Sources */,
				8B72A85F2872343E00F1435D /* Frameworks */,
				8B72A8602872343E00F1435D /* Resources */,
			);
			buildRules = (
			);
			dependencies = (
			);
			name = WeatherUI;
			productName = WeatherUI;
			productReference = 8B72A8622872343E00F1435D /* WeatherUI.app */;
			productType = "com.apple.product-type.application";
		};
/* End PBXNativeTarget section */

/* Begin PBXProject section */
		8B72A85A2872343E00F1435D /* Project object */ = {
			isa = PBXProject;
			attributes = {
				BuildIndependentTargetsInParallel = 1;
				LastSwiftUpdateCheck = 1330;
				LastUpgradeCheck = 1330;
				TargetAttributes = {
					8B72A8612872343E00F1435D = {
						CreatedOnToolsVersion = 13.3;
					};
				};
			};
			buildConfigurationList = 8B72A85D2872343E00F1435D /* Build configuration list for PBXProject "WeatherUI" */;
			compatibilityVersion = "Xcode 13.0";
			developmentRegion = en;
			hasScannedForEncodings = 0;
			knownRegions = (
				en,
				Base,
			);
			mainGroup = 8B72A8592872343E00F1435D;
			productRefGroup = 8B72A8632872343E00F1435D /* Products */;
			projectDirPath = "";
			projectRoot = "";
			targets = (
				8B72A8612872343E00F1435D /* WeatherUI */,
			);
		};
/* End PBXProject section */

/* Begin PBXResourcesBuildPhase section */
		8B72A8602872343E00F1435D /* Resources */ = {
			isa = PBXResourcesBuildPhase;
			buildActionMask = 2147483647;
			files = (
				8B281444287382050049A247 /* Colors.xcassets in Resources */,
				8B72A86D2872344200F1435D /* Preview Assets.xcassets in Resources */,
				8B72A86A2872344200F1435D /* Assets.xcassets in Resources */,
			);
			runOnlyForDeploymentPostprocessing = 0;
		};
/* End PBXResourcesBuildPhase section */

/* Begin PBXSourcesBuildPhase section */
		8B72A85E2872343E00F1435D /* Sources */ = {
			isa = PBXSourcesBuildPhase;
			buildActionMask = 2147483647;
			files = (
				8B28143C2873788B0049A247 /* WeatherDayItem.swift in Sources */,
				8B28144D287386110049A247 /* CityWeather.swift in Sources */,
				8B281446287382B90049A247 /* Colors.swift in Sources */,
				8B281440287379D80049A247 /* WindSpeed.swift in Sources */,
				8B72A8682872343E00F1435D /* ContentView.swift in Sources */,
				8B28144228737B060049A247 /* WeatherConditions.swift in Sources */,
				8B28143A2873787F0049A247 /* WeatherDayCard.swift in Sources */,
				8B28144A287385D40049A247 /* CityWeatherView.swift in Sources */,
				8B28143E287379520049A247 /* Temperature.swift in Sources */,
				8B72A8662872343E00F1435D /* WeatherUIApp.swift in Sources */,
			);
			runOnlyForDeploymentPostprocessing = 0;
		};
/* End PBXSourcesBuildPhase section */

/* Begin XCBuildConfiguration section */
		8B72A86E2872344200F1435D /* Debug */ = {
			isa = XCBuildConfiguration;
			buildSettings = {
				ALWAYS_SEARCH_USER_PATHS = NO;
				CLANG_ANALYZER_NONNULL = YES;
				CLANG_ANALYZER_NUMBER_OBJECT_CONVERSION = YES_AGGRESSIVE;
				CLANG_CXX_LANGUAGE_STANDARD = "gnu++17";
				CLANG_ENABLE_MODULES = YES;
				CLANG_ENABLE_OBJC_ARC = YES;
				CLANG_ENABLE_OBJC_WEAK = YES;
				CLANG_WARN_BLOCK_CAPTURE_AUTORELEASING = YES;
				CLANG_WARN_BOOL_CONVERSION = YES;
				CLANG_WARN_COMMA = YES;
				CLANG_WARN_CONSTANT_CONVERSION = YES;
				CLANG_WARN_DEPRECATED_OBJC_IMPLEMENTATIONS = YES;
				CLANG_WARN_DIRECT_OBJC_ISA_USAGE = YES_ERROR;
				CLANG_WARN_DOCUMENTATION_COMMENTS = YES;
				CLANG_WARN_EMPTY_BODY = YES;
				CLANG_WARN_ENUM_CONVERSION = YES;
				CLANG_WARN_INFINITE_RECURSION = YES;
				CLANG_WARN_INT_CONVERSION = YES;
				CLANG_WARN_NON_LITERAL_NULL_CONVERSION = YES;
				CLANG_WARN_OBJC_IMPLICIT_RETAIN_SELF = YES;
				CLANG_WARN_OBJC_LITERAL_CONVERSION = YES;
				CLANG_WARN_OBJC_ROOT_CLASS = YES_ERROR;
				CLANG_WARN_QUOTED_INCLUDE_IN_FRAMEWORK_HEADER = YES;
				CLANG_WARN_RANGE_LOOP_ANALYSIS = YES;
				CLANG_WARN_STRICT_PROTOTYPES = YES;
				CLANG_WARN_SUSPICIOUS_MOVE = YES;
				CLANG_WARN_UNGUARDED_AVAILABILITY = YES_AGGRESSIVE;
				CLANG_WARN_UNREACHABLE_CODE = YES;
				CLANG_WARN__DUPLICATE_METHOD_MATCH = YES;
				COPY_PHASE_STRIP = NO;
				DEBUG_INFORMATION_FORMAT = dwarf;
				ENABLE_STRICT_OBJC_MSGSEND = YES;
				ENABLE_TESTABILITY = YES;
				GCC_C_LANGUAGE_STANDARD = gnu11;
				GCC_DYNAMIC_NO_PIC = NO;
				GCC_NO_COMMON_BLOCKS = YES;
				GCC_OPTIMIZATION_LEVEL = 0;
				GCC_PREPROCESSOR_DEFINITIONS = (
					"DEBUG=1",
					"$(inherited)",
				);
				GCC_WARN_64_TO_32_BIT_CONVERSION = YES;
				GCC_WARN_ABOUT_RETURN_TYPE = YES_ERROR;
				GCC_WARN_UNDECLARED_SELECTOR = YES;
				GCC_WARN_UNINITIALIZED_AUTOS = YES_AGGRESSIVE;
				GCC_WARN_UNUSED_FUNCTION = YES;
				GCC_WARN_UNUSED_VARIABLE = YES;
				IPHONEOS_DEPLOYMENT_TARGET = 15.4;
				MTL_ENABLE_DEBUG_INFO = INCLUDE_SOURCE;
				MTL_FAST_MATH = YES;
				ONLY_ACTIVE_ARCH = YES;
				SDKROOT = iphoneos;
				SWIFT_ACTIVE_COMPILATION_CONDITIONS = DEBUG;
				SWIFT_OPTIMIZATION_LEVEL = "-Onone";
			};
			name = Debug;
		};
		8B72A86F2872344200F1435D /* Release */ = {
			isa = XCBuildConfiguration;
			buildSettings = {
				ALWAYS_SEARCH_USER_PATHS = NO;
				CLANG_ANALYZER_NONNULL = YES;
				CLANG_ANALYZER_NUMBER_OBJECT_CONVERSION = YES_AGGRESSIVE;
				CLANG_CXX_LANGUAGE_STANDARD = "gnu++17";
				CLANG_ENABLE_MODULES = YES;
				CLANG_ENABLE_OBJC_ARC = YES;
				CLANG_ENABLE_OBJC_WEAK = YES;
				CLANG_WARN_BLOCK_CAPTURE_AUTORELEASING = YES;
				CLANG_WARN_BOOL_CONVERSION = YES;
				CLANG_WARN_COMMA = YES;
				CLANG_WARN_CONSTANT_CONVERSION = YES;
				CLANG_WARN_DEPRECATED_OBJC_IMPLEMENTATIONS = YES;
				CLANG_WARN_DIRECT_OBJC_ISA_USAGE = YES_ERROR;
				CLANG_WARN_DOCUMENTATION_COMMENTS = YES;
				CLANG_WARN_EMPTY_BODY = YES;
				CLANG_WARN_ENUM_CONVERSION = YES;
				CLANG_WARN_INFINITE_RECURSION = YES;
				CLANG_WARN_INT_CONVERSION = YES;
				CLANG_WARN_NON_LITERAL_NULL_CONVERSION = YES;
				CLANG_WARN_OBJC_IMPLICIT_RETAIN_SELF = YES;
				CLANG_WARN_OBJC_LITERAL_CONVERSION = YES;
				CLANG_WARN_OBJC_ROOT_CLASS = YES_ERROR;
				CLANG_WARN_QUOTED_INCLUDE_IN_FRAMEWORK_HEADER = YES;
				CLANG_WARN_RANGE_LOOP_ANALYSIS = YES;
				CLANG_WARN_STRICT_PROTOTYPES = YES;
				CLANG_WARN_SUSPICIOUS_MOVE = YES;
				CLANG_WARN_UNGUARDED_AVAILABILITY = YES_AGGRESSIVE;
				CLANG_WARN_UNREACHABLE_CODE = YES;
				CLANG_WARN__DUPLICATE_METHOD_MATCH = YES;
				COPY_PHASE_STRIP = NO;
				DEBUG_INFORMATION_FORMAT = "dwarf-with-dsym";
				ENABLE_NS_ASSERTIONS = NO;
				ENABLE_STRICT_OBJC_MSGSEND = YES;
				GCC_C_LANGUAGE_STANDARD = gnu11;
				GCC_NO_COMMON_BLOCKS = YES;
				GCC_WARN_64_TO_32_BIT_CONVERSION = YES;
				GCC_WARN_ABOUT_RETURN_TYPE = YES_ERROR;
				GCC_WARN_UNDECLARED_SELECTOR = YES;
				GCC_WARN_UNINITIALIZED_AUTOS = YES_AGGRESSIVE;
				GCC_WARN_UNUSED_FUNCTION = YES;
				GCC_WARN_UNUSED_VARIABLE = YES;
				IPHONEOS_DEPLOYMENT_TARGET = 15.4;
				MTL_ENABLE_DEBUG_INFO = NO;
				MTL_FAST_MATH = YES;
				SDKROOT = iphoneos;
				SWIFT_COMPILATION_MODE = wholemodule;
				SWIFT_OPTIMIZATION_LEVEL = "-O";
				VALIDATE_PRODUCT = YES;
			};
			name = Release;
		};
		8B72A8712872344200F1435D /* Debug */ = {
			isa = XCBuildConfiguration;
			buildSettings = {
				ASSETCATALOG_COMPILER_APPICON_NAME = AppIcon;
				ASSETCATALOG_COMPILER_GLOBAL_ACCENT_COLOR_NAME = AccentColor;
				CODE_SIGN_STYLE = Automatic;
				CURRENT_PROJECT_VERSION = 1;
				DEVELOPMENT_ASSET_PATHS = "\"WeatherUI/Preview Content\"";
				DEVELOPMENT_TEAM = 4997473PLP;
				ENABLE_PREVIEWS = YES;
				GENERATE_INFOPLIST_FILE = YES;
				INFOPLIST_KEY_UIApplicationSceneManifest_Generation = YES;
				INFOPLIST_KEY_UIApplicationSupportsIndirectInputEvents = YES;
				INFOPLIST_KEY_UILaunchScreen_Generation = YES;
				INFOPLIST_KEY_UISupportedInterfaceOrientations_iPad = "UIInterfaceOrientationPortrait UIInterfaceOrientationPortraitUpsideDown UIInterfaceOrientationLandscapeLeft UIInterfaceOrientationLandscapeRight";
				INFOPLIST_KEY_UISupportedInterfaceOrientations_iPhone = "UIInterfaceOrientationPortrait UIInterfaceOrientationLandscapeLeft UIInterfaceOrientationLandscapeRight";
				IPHONEOS_DEPLOYMENT_TARGET = 14.0;
				LD_RUNPATH_SEARCH_PATHS = (
					"$(inherited)",
					"@executable_path/Frameworks",
				);
				MARKETING_VERSION = 1.0;
				PRODUCT_BUNDLE_IDENTIFIER = com.jungle.WeatherUI;
				PRODUCT_NAME = "$(TARGET_NAME)";
				SWIFT_EMIT_LOC_STRINGS = YES;
				SWIFT_VERSION = 5.0;
				TARGETED_DEVICE_FAMILY = "1,2";
			};
			name = Debug;
		};
		8B72A8722872344200F1435D /* Release */ = {
			isa = XCBuildConfiguration;
			buildSettings = {
				ASSETCATALOG_COMPILER_APPICON_NAME = AppIcon;
				ASSETCATALOG_COMPILER_GLOBAL_ACCENT_COLOR_NAME = AccentColor;
				CODE_SIGN_STYLE = Automatic;
				CURRENT_PROJECT_VERSION = 1;
				DEVELOPMENT_ASSET_PATHS = "\"WeatherUI/Preview Content\"";
				DEVELOPMENT_TEAM = 4997473PLP;
				ENABLE_PREVIEWS = YES;
				GENERATE_INFOPLIST_FILE = YES;
				INFOPLIST_KEY_UIApplicationSceneManifest_Generation = YES;
				INFOPLIST_KEY_UIApplicationSupportsIndirectInputEvents = YES;
				INFOPLIST_KEY_UILaunchScreen_Generation = YES;
				INFOPLIST_KEY_UISupportedInterfaceOrientations_iPad = "UIInterfaceOrientationPortrait UIInterfaceOrientationPortraitUpsideDown UIInterfaceOrientationLandscapeLeft UIInterfaceOrientationLandscapeRight";
				INFOPLIST_KEY_UISupportedInterfaceOrientations_iPhone = "UIInterfaceOrientationPortrait UIInterfaceOrientationLandscapeLeft UIInterfaceOrientationLandscapeRight";
				IPHONEOS_DEPLOYMENT_TARGET = 14.0;
				LD_RUNPATH_SEARCH_PATHS = (
					"$(inherited)",
					"@executable_path/Frameworks",
				);
				MARKETING_VERSION = 1.0;
				PRODUCT_BUNDLE_IDENTIFIER = com.jungle.WeatherUI;
				PRODUCT_NAME = "$(TARGET_NAME)";
				SWIFT_EMIT_LOC_STRINGS = YES;
				SWIFT_VERSION = 5.0;
				TARGETED_DEVICE_FAMILY = "1,2";
			};
			name = Release;
		};
/* End XCBuildConfiguration section */

/* Begin XCConfigurationList section */
		8B72A85D2872343E00F1435D /* Build configuration list for PBXProject "WeatherUI" */ = {
			isa = XCConfigurationList;
			buildConfigurations = (
				8B72A86E2872344200F1435D /* Debug */,
				8B72A86F2872344200F1435D /* Release */,
			);
			defaultConfigurationIsVisible = 0;
			defaultConfigurationName = Release;
		};
		8B72A8702872344200F1435D /* Build configuration list for PBXNativeTarget "WeatherUI" */ = {
			isa = XCConfigurationList;
			buildConfigurations = (
				8B72A8712872344200F1435D /* Debug */,
				8B72A8722872344200F1435D /* Release */,
			);
			defaultConfigurationIsVisible = 0;
			defaultConfigurationName = Release;
		};
/* End XCConfigurationList section */
	};
	rootObject = 8B72A85A2872343E00F1435D /* Project object */;
}
